
Microsoft Visual Studio Solution File, Format Version 12.00
# Visual Studio 15
VisualStudioVersion = 15.0.27004.2002
MinimumVisualStudioVersion = 10.0.40219.1
Project("{8BC9CEB8-8B4A-11D0-8D11-00A0C91BC942}") = "OpenGL", "..\src\OpenGL\OpenGL.vcxproj", "{5E3D47CA-F8C9-4204-93EA-523624D8AA3F}"
EndProject
Project("{8BC9CEB8-8B4A-11D0-8D11-00A0C91BC942}") = "Common", "..\src\Common\Common.vcxproj", "{232A8CC1-2443-49A1-9E8B-A224697FF87D}"
	ProjectSection(ProjectDependencies) = postProject
		{CFB739C3-9E13-4875-BBF9-A3D6E2D22697} = {CFB739C3-9E13-4875-BBF9-A3D6E2D22697}
	EndProjectSection
EndProject
Project("{8BC9CEB8-8B4A-11D0-8D11-00A0C91BC942}") = "Judge", "..\src\Judge\Judge.vcxproj", "{FD3B929A-12B8-42C1-B85D-918E5E16D69B}"
EndProject
Project("{8BC9CEB8-8B4A-11D0-8D11-00A0C91BC942}") = "LearnOpengl", "..\src\LearnOpengl\LearnOpengl.vcxproj", "{FE5E8565-14B2-4AD4-B732-CC1DE2F766E3}"
	ProjectSection(ProjectDependencies) = postProject
		{232A8CC1-2443-49A1-9E8B-A224697FF87D} = {232A8CC1-2443-49A1-9E8B-A224697FF87D}
		{4DD8C1DE-5E72-4CC7-B124-99B19FFC5188} = {4DD8C1DE-5E72-4CC7-B124-99B19FFC5188}
	EndProjectSection
EndProject
Project("{2150E333-8FDC-42A3-9474-1A3956D46DE8}") = "implib", "implib", "{DF1806BA-A291-452E-BB3A-0D78B7C907F4}"
EndProject
Project("{8BC9CEB8-8B4A-11D0-8D11-00A0C91BC942}") = "glfw", "..\implib\glfw\glfw.vcxproj", "{4DD8C1DE-5E72-4CC7-B124-99B19FFC5188}"
EndProject
Project("{8BC9CEB8-8B4A-11D0-8D11-00A0C91BC942}") = "soil", "..\implib\soil\soil.vcxproj", "{725EF7E0-7886-4F84-A901-8A6DD039A724}"
EndProject
Project("{8BC9CEB8-8B4A-11D0-8D11-00A0C91BC942}") = "glm", "..\implib\glm\glm.vcxproj", "{CFB739C3-9E13-4875-BBF9-A3D6E2D22697}"
EndProject
Global
	GlobalSection(SolutionConfigurationPlatforms) = preSolution
		Debug|x64 = Debug|x64
		Debug|x86 = Debug|x86
		Release|x64 = Release|x64
		Release|x86 = Release|x86
	EndGlobalSection
	GlobalSection(ProjectConfigurationPlatforms) = postSolution
		{5E3D47CA-F8C9-4204-93EA-523624D8AA3F}.Debug|x64.ActiveCfg = Debug|x64
		{5E3D47CA-F8C9-4204-93EA-523624D8AA3F}.Debug|x64.Build.0 = Debug|x64
		{5E3D47CA-F8C9-4204-93EA-523624D8AA3F}.Debug|x86.ActiveCfg = Debug|Win32
		{5E3D47CA-F8C9-4204-93EA-523624D8AA3F}.Debug|x86.Build.0 = Debug|Win32
		{5E3D47CA-F8C9-4204-93EA-523624D8AA3F}.Release|x64.ActiveCfg = Release|x64
		{5E3D47CA-F8C9-4204-93EA-523624D8AA3F}.Release|x64.Build.0 = Release|x64
		{5E3D47CA-F8C9-4204-93EA-523624D8AA3F}.Release|x86.ActiveCfg = Release|Win32
		{5E3D47CA-F8C9-4204-93EA-523624D8AA3F}.Release|x86.Build.0 = Release|Win32
		{232A8CC1-2443-49A1-9E8B-A224697FF87D}.Debug|x64.ActiveCfg = Debug|x64
		{232A8CC1-2443-49A1-9E8B-A224697FF87D}.Debug|x64.Build.0 = Debug|x64
		{232A8CC1-2443-49A1-9E8B-A224697FF87D}.Debug|x86.ActiveCfg = Debug|Win32
		{232A8CC1-2443-49A1-9E8B-A224697FF87D}.Debug|x86.Build.0 = Debug|Win32
		{232A8CC1-2443-49A1-9E8B-A224697FF87D}.Release|x64.ActiveCfg = Release|x64
		{232A8CC1-2443-49A1-9E8B-A224697FF87D}.Release|x64.Build.0 = Release|x64
		{232A8CC1-2443-49A1-9E8B-A224697FF87D}.Release|x86.ActiveCfg = Release|Win32
		{232A8CC1-2443-49A1-9E8B-A224697FF87D}.Release|x86.Build.0 = Release|Win32
		{FD3B929A-12B8-42C1-B85D-918E5E16D69B}.Debug|x64.ActiveCfg = Debug|x64
		{FD3B929A-12B8-42C1-B85D-918E5E16D69B}.Debug|x64.Build.0 = Debug|x64
		{FD3B929A-12B8-42C1-B85D-918E5E16D69B}.Debug|x86.ActiveCfg = Debug|Win32
		{FD3B929A-12B8-42C1-B85D-918E5E16D69B}.Debug|x86.Build.0 = Debug|Win32
		{FD3B929A-12B8-42C1-B85D-918E5E16D69B}.Release|x64.ActiveCfg = Release|x64
		{FD3B929A-12B8-42C1-B85D-918E5E16D69B}.Release|x64.Build.0 = Release|x64
		{FD3B929A-12B8-42C1-B85D-918E5E16D69B}.Release|x86.ActiveCfg = Release|Win32
		{FD3B929A-12B8-42C1-B85D-918E5E16D69B}.Release|x86.Build.0 = Release|Win32
		{FE5E8565-14B2-4AD4-B732-CC1DE2F766E3}.Debug|x64.ActiveCfg = Debug|x64
		{FE5E8565-14B2-4AD4-B732-CC1DE2F766E3}.Debug|x64.Build.0 = Debug|x64
		{FE5E8565-14B2-4AD4-B732-CC1DE2F766E3}.Debug|x86.ActiveCfg = Debug|Win32
		{FE5E8565-14B2-4AD4-B732-CC1DE2F766E3}.Debug|x86.Build.0 = Debug|Win32
		{FE5E8565-14B2-4AD4-B732-CC1DE2F766E3}.Release|x64.ActiveCfg = Release|x64
		{FE5E8565-14B2-4AD4-B732-CC1DE2F766E3}.Release|x64.Build.0 = Release|x64
		{FE5E8565-14B2-4AD4-B732-CC1DE2F766E3}.Release|x86.ActiveCfg = Release|Win32
		{FE5E8565-14B2-4AD4-B732-CC1DE2F766E3}.Release|x86.Build.0 = Release|Win32
		{4DD8C1DE-5E72-4CC7-B124-99B19FFC5188}.Debug|x64.ActiveCfg = Debug|x64
		{4DD8C1DE-5E72-4CC7-B124-99B19FFC5188}.Debug|x64.Build.0 = Debug|x64
		{4DD8C1DE-5E72-4CC7-B124-99B19FFC5188}.Debug|x86.ActiveCfg = Debug|Win32
		{4DD8C1DE-5E72-4CC7-B124-99B19FFC5188}.Debug|x86.Build.0 = Debug|Win32
		{4DD8C1DE-5E72-4CC7-B124-99B19FFC5188}.Release|x64.ActiveCfg = Release|x64
		{4DD8C1DE-5E72-4CC7-B124-99B19FFC5188}.Release|x64.Build.0 = Release|x64
		{4DD8C1DE-5E72-4CC7-B124-99B19FFC5188}.Release|x86.ActiveCfg = Release|Win32
		{4DD8C1DE-5E72-4CC7-B124-99B19FFC5188}.Release|x86.Build.0 = Release|Win32
		{725EF7E0-7886-4F84-A901-8A6DD039A724}.Debug|x64.ActiveCfg = Debug|x64
		{725EF7E0-7886-4F84-A901-8A6DD039A724}.Debug|x64.Build.0 = Debug|x64
		{725EF7E0-7886-4F84-A901-8A6DD039A724}.Debug|x86.ActiveCfg = Debug|Win32
		{725EF7E0-7886-4F84-A901-8A6DD039A724}.Debug|x86.Build.0 = Debug|Win32
		{725EF7E0-7886-4F84-A901-8A6DD039A724}.Release|x64.ActiveCfg = Release|x64
		{725EF7E0-7886-4F84-A901-8A6DD039A724}.Release|x64.Build.0 = Release|x64
		{725EF7E0-7886-4F84-A901-8A6DD039A724}.Release|x86.ActiveCfg = Release|Win32
		{725EF7E0-7886-4F84-A901-8A6DD039A724}.Release|x86.Build.0 = Release|Win32
		{CFB739C3-9E13-4875-BBF9-A3D6E2D22697}.Debug|x64.ActiveCfg = Debug|x64
		{CFB739C3-9E13-4875-BBF9-A3D6E2D22697}.Debug|x64.Build.0 = Debug|x64
		{CFB739C3-9E13-4875-BBF9-A3D6E2D22697}.Debug|x86.ActiveCfg = Debug|Win32
		{CFB739C3-9E13-4875-BBF9-A3D6E2D22697}.Debug|x86.Build.0 = Debug|Win32
		{CFB739C3-9E13-4875-BBF9-A3D6E2D22697}.Release|x64.ActiveCfg = Release|x64
		{CFB739C3-9E13-4875-BBF9-A3D6E2D22697}.Release|x64.Build.0 = Release|x64
		{CFB739C3-9E13-4875-BBF9-A3D6E2D22697}.Release|x86.ActiveCfg = Release|Win32
		{CFB739C3-9E13-4875-BBF9-A3D6E2D22697}.Release|x86.Build.0 = Release|Win32
	EndGlobalSection
	GlobalSection(SolutionProperties) = preSolution
		HideSolutionNode = FALSE
	EndGlobalSection
	GlobalSection(NestedProjects) = preSolution
		{4DD8C1DE-5E72-4CC7-B124-99B19FFC5188} = {DF1806BA-A291-452E-BB3A-0D78B7C907F4}
		{725EF7E0-7886-4F84-A901-8A6DD039A724} = {DF1806BA-A291-452E-BB3A-0D78B7C907F4}
		{CFB739C3-9E13-4875-BBF9-A3D6E2D22697} = {DF1806BA-A291-452E-BB3A-0D78B7C907F4}
	EndGlobalSection
	GlobalSection(ExtensibilityGlobals) = postSolution
		SolutionGuid = {B81C4606-7EEA-4F3B-A9DF-D3DBD4B34A87}
	EndGlobalSection
EndGlobal
