<?xml version="1.0" encoding="utf-8"?>
<Project ToolsVersion="4.0" xmlns="http://schemas.microsoft.com/developer/msbuild/2003">
  <ItemGroup>
    <ClInclude Include="stdafx.h" />
  </ItemGroup>
  <ItemGroup>
    <ClCompile Include="stdafx.cpp" />
    <ClCompile Include="code6.1.cpp">
      <Filter>1</Filter>
    </ClCompile>
    <ClCompile Include="main.cpp" />
    <ClCompile Include="code2.cpp">
      <Filter>2</Filter>
    </ClCompile>
    <ClCompile Include="code3.cpp">
      <Filter>3</Filter>
    </ClCompile>
  </ItemGroup>
  <ItemGroup>
    <Filter Include="1">
      <UniqueIdentifier>{d2629649-a5d2-4bdd-97dc-a8ad26e3c30b}</UniqueIdentifier>
    </Filter>
    <Filter Include="2">
      <UniqueIdentifier>{2dc796c3-a6cf-49f4-b7b6-390bdf0e3e8a}</UniqueIdentifier>
    </Filter>
    <Filter Include="3">
      <UniqueIdentifier>{feb2f3ef-ea61-4302-b24e-bd3d1983650d}</UniqueIdentifier>
    </Filter>
  </ItemGroup>
  <ItemGroup>
    <None Include="6.1.coordinate_systems.vs">
      <Filter>1</Filter>
    </None>
    <None Include="6.1.coordinate_systems.fs">
      <Filter>1</Filter>
    </None>
    <None Include="colos.fs">
      <Filter>2</Filter>
    </None>
    <None Include="colos.vs">
      <Filter>2</Filter>
    </None>
    <None Include="lamp.fs">
      <Filter>2</Filter>
    </None>
  </ItemGroup>
</Project>