<?xml version="1.0" encoding="utf-8"?>
<Project ToolsVersion="4.0" xmlns="http://schemas.microsoft.com/developer/msbuild/2003">
  <ItemGroup>
    <ClInclude Include="CTree.h">
      <Filter>数据结构</Filter>
    </ClInclude>
    <ClInclude Include="CThread.h">
      <Filter>Thread</Filter>
    </ClInclude>
    <ClInclude Include="CShader.h">
      <Filter>Render</Filter>
    </ClInclude>
    <ClInclude Include="CCamera.h">
      <Filter>Camera</Filter>
    </ClInclude>
    <ClInclude Include="CFileManage.h">
      <Filter>File</Filter>
    </ClInclude>
    <ClInclude Include="glad.h">
      <Filter>Render\Glad</Filter>
    </ClInclude>
    <ClInclude Include="khrplatform.h">
      <Filter>Render\Glad</Filter>
    </ClInclude>
    <ClInclude Include="stb_image.h">
      <Filter>File\Imagelib</Filter>
    </ClInclude>
    <ClInclude Include="CResourceImg.h">
      <Filter>File\Model</Filter>
    </ClInclude>
    <ClInclude Include="CResourceModel.h">
      <Filter>File\Model</Filter>
    </ClInclude>
    <ClInclude Include="CBuffer.h">
      <Filter>File</Filter>
    </ClInclude>
    <ClInclude Include="CommonHelp.h">
      <Filter>Common</Filter>
    </ClInclude>
    <ClInclude Include="CGame.h">
      <Filter>Game</Filter>
    </ClInclude>
    <ClInclude Include="CScene.h">
      <Filter>Scene</Filter>
    </ClInclude>
    <ClInclude Include="CTexture2D.h">
      <Filter>Render</Filter>
    </ClInclude>
    <ClInclude Include="TVector2.h">
      <Filter>Math</Filter>
    </ClInclude>
    <ClInclude Include="TVector3.h">
      <Filter>Math</Filter>
    </ClInclude>
    <ClInclude Include="TVector4.h">
      <Filter>Math</Filter>
    </ClInclude>
    <ClInclude Include="TRect.h">
      <Filter>Math</Filter>
    </ClInclude>
    <ClInclude Include="CFrameBuffer.h">
      <Filter>Render</Filter>
    </ClInclude>
    <ClInclude Include="CObject3D.h" />
    <ClInclude Include="SModelData.h" />
    <ClInclude Include="stdafx.h" />
    <ClInclude Include="CMaterial.h">
      <Filter>Render</Filter>
    </ClInclude>
    <ClInclude Include="CMatrix.h">
      <Filter>Math</Filter>
    </ClInclude>
    <ClInclude Include="TList.h">
      <Filter>数据结构</Filter>
    </ClInclude>
  </ItemGroup>
  <ItemGroup>
    <Filter Include="数据结构">
      <UniqueIdentifier>{8b4c31f4-bc1a-4756-8b26-2904a494f2c7}</UniqueIdentifier>
    </Filter>
    <Filter Include="Thread">
      <UniqueIdentifier>{b3c2fb47-9f2b-4691-a224-e8ede2ef2c49}</UniqueIdentifier>
    </Filter>
    <Filter Include="Camera">
      <UniqueIdentifier>{ade9314b-3770-404c-b919-5fb7ada59202}</UniqueIdentifier>
    </Filter>
    <Filter Include="File">
      <UniqueIdentifier>{05d079d6-b190-4a90-8598-239436cf62db}</UniqueIdentifier>
    </Filter>
    <Filter Include="Common">
      <UniqueIdentifier>{66c12564-8065-47fc-9409-ecf45826c457}</UniqueIdentifier>
    </Filter>
    <Filter Include="File\Model">
      <UniqueIdentifier>{930cbdbc-2d55-46d3-8520-4ce76b8e4379}</UniqueIdentifier>
    </Filter>
    <Filter Include="File\Imagelib">
      <UniqueIdentifier>{80456e01-84fd-4e18-a341-8b7c5ce5c5a9}</UniqueIdentifier>
    </Filter>
    <Filter Include="Scene">
      <UniqueIdentifier>{85ad5793-7399-45bf-8410-6d428abf8bab}</UniqueIdentifier>
    </Filter>
    <Filter Include="Game">
      <UniqueIdentifier>{8771135f-ce36-4041-8795-a1e5e69ea045}</UniqueIdentifier>
    </Filter>
    <Filter Include="Math">
      <UniqueIdentifier>{00ae11c5-9bd2-432b-8113-3aa0edbc2c06}</UniqueIdentifier>
    </Filter>
    <Filter Include="Render">
      <UniqueIdentifier>{03cb83c8-aa8b-42ed-9e2e-0edf68e8c88c}</UniqueIdentifier>
    </Filter>
    <Filter Include="Render\Glad">
      <UniqueIdentifier>{d40c8dd0-1c99-4a7e-b6c0-6476413f6eb7}</UniqueIdentifier>
    </Filter>
  </ItemGroup>
  <ItemGroup>
    <ClCompile Include="CTree.cpp">
      <Filter>数据结构</Filter>
    </ClCompile>
    <ClCompile Include="CThread.cpp">
      <Filter>Thread</Filter>
    </ClCompile>
    <ClCompile Include="CShader.cpp">
      <Filter>Render</Filter>
    </ClCompile>
    <ClCompile Include="CCamera.cpp">
      <Filter>Camera</Filter>
    </ClCompile>
    <ClCompile Include="CFileManage.cpp">
      <Filter>File</Filter>
    </ClCompile>
    <ClCompile Include="glad.c">
      <Filter>Render\Glad</Filter>
    </ClCompile>
    <ClCompile Include="stb_image.cpp">
      <Filter>File\Imagelib</Filter>
    </ClCompile>
    <ClCompile Include="CResourceImg.cpp">
      <Filter>File\Model</Filter>
    </ClCompile>
    <ClCompile Include="CResourceModel.cpp">
      <Filter>File\Model</Filter>
    </ClCompile>
    <ClCompile Include="CGame.cpp">
      <Filter>Game</Filter>
    </ClCompile>
    <ClCompile Include="CScene.cpp">
      <Filter>Scene</Filter>
    </ClCompile>
    <ClCompile Include="CTexture2D.cpp">
      <Filter>Render</Filter>
    </ClCompile>
    <ClCompile Include="CFrameBuffer.cpp">
      <Filter>Render</Filter>
    </ClCompile>
    <ClCompile Include="CObject3D.cpp" />
    <ClCompile Include="stdafx.cpp" />
    <ClCompile Include="CMaterial.cpp">
      <Filter>Render</Filter>
    </ClCompile>
  </ItemGroup>
</Project>